
Microsoft Visual Studio Solution File, Format Version 12.00
# Visual Studio 15
VisualStudioVersion = 15.0.26430.16
MinimumVisualStudioVersion = 10.0.40219.1
Project("{FAE04EC0-301F-11D3-BF4B-00C04F79EFBC}") = "PatientServices", "PatientServices\PatientServices.csproj", "{328D319E-53C2-47C9-AD11-75D14C1905C5}"
EndProject
Project("{FAE04EC0-301F-11D3-BF4B-00C04F79EFBC}") = "DataAccessLayer", "DataAccessLayer\DataAccessLayer.csproj", "{21B95100-3F62-4DCE-867C-66E41998A6C0}"
EndProject
Project("{FAE04EC0-301F-11D3-BF4B-00C04F79EFBC}") = "BusinessEntity", "BusinessEntity\BusinessEntity.csproj", "{2FDBF643-ADBB-434C-9B34-79869C31DBF3}"
EndProject
Project("{FAE04EC0-301F-11D3-BF4B-00C04F79EFBC}") = "PatientManagement", "PatientManagement\PatientManagement.csproj", "{C208C6F9-3E23-422A-AC40-FCC8748EC234}"
EndProject
Project("{FAE04EC0-301F-11D3-BF4B-00C04F79EFBC}") = "SeleniumTest", "SeleniumTest\SeleniumTest.csproj", "{93546977-B07D-4044-B165-C2E70222ABD1}"
EndProject
Project("{FAE04EC0-301F-11D3-BF4B-00C04F79EFBC}") = "UnitTestPatientServices", "UnitTestPatientServices\UnitTestPatientServices.csproj", "{20CDE114-CD7C-4401-8DCE-C1193D4E93C6}"
EndProject
Global
	GlobalSection(SolutionConfigurationPlatforms) = preSolution
		Debug|Any CPU = Debug|Any CPU
		Release|Any CPU = Release|Any CPU
	EndGlobalSection
	GlobalSection(ProjectConfigurationPlatforms) = postSolution
		{328D319E-53C2-47C9-AD11-75D14C1905C5}.Debug|Any CPU.ActiveCfg = Debug|Any CPU
		{328D319E-53C2-47C9-AD11-75D14C1905C5}.Debug|Any CPU.Build.0 = Debug|Any CPU
		{328D319E-53C2-47C9-AD11-75D14C1905C5}.Release|Any CPU.ActiveCfg = Release|Any CPU
		{328D319E-53C2-47C9-AD11-75D14C1905C5}.Release|Any CPU.Build.0 = Release|Any CPU
		{21B95100-3F62-4DCE-867C-66E41998A6C0}.Debug|Any CPU.ActiveCfg = Debug|Any CPU
		{21B95100-3F62-4DCE-867C-66E41998A6C0}.Debug|Any CPU.Build.0 = Debug|Any CPU
		{21B95100-3F62-4DCE-867C-66E41998A6C0}.Release|Any CPU.ActiveCfg = Release|Any CPU
		{21B95100-3F62-4DCE-867C-66E41998A6C0}.Release|Any CPU.Build.0 = Release|Any CPU
		{2FDBF643-ADBB-434C-9B34-79869C31DBF3}.Debug|Any CPU.ActiveCfg = Debug|Any CPU
		{2FDBF643-ADBB-434C-9B34-79869C31DBF3}.Debug|Any CPU.Build.0 = Debug|Any CPU
		{2FDBF643-ADBB-434C-9B34-79869C31DBF3}.Release|Any CPU.ActiveCfg = Release|Any CPU
		{2FDBF643-ADBB-434C-9B34-79869C31DBF3}.Release|Any CPU.Build.0 = Release|Any CPU
		{C208C6F9-3E23-422A-AC40-FCC8748EC234}.Debug|Any CPU.ActiveCfg = Debug|Any CPU
		{C208C6F9-3E23-422A-AC40-FCC8748EC234}.Debug|Any CPU.Build.0 = Debug|Any CPU
		{C208C6F9-3E23-422A-AC40-FCC8748EC234}.Release|Any CPU.ActiveCfg = Release|Any CPU
		{C208C6F9-3E23-422A-AC40-FCC8748EC234}.Release|Any CPU.Build.0 = Release|Any CPU
		{93546977-B07D-4044-B165-C2E70222ABD1}.Debug|Any CPU.ActiveCfg = Debug|Any CPU
		{93546977-B07D-4044-B165-C2E70222ABD1}.Debug|Any CPU.Build.0 = Debug|Any CPU
		{93546977-B07D-4044-B165-C2E70222ABD1}.Release|Any CPU.ActiveCfg = Release|Any CPU
		{93546977-B07D-4044-B165-C2E70222ABD1}.Release|Any CPU.Build.0 = Release|Any CPU
		{20CDE114-CD7C-4401-8DCE-C1193D4E93C6}.Debug|Any CPU.ActiveCfg = Debug|Any CPU
		{20CDE114-CD7C-4401-8DCE-C1193D4E93C6}.Debug|Any CPU.Build.0 = Debug|Any CPU
		{20CDE114-CD7C-4401-8DCE-C1193D4E93C6}.Release|Any CPU.ActiveCfg = Release|Any CPU
		{20CDE114-CD7C-4401-8DCE-C1193D4E93C6}.Release|Any CPU.Build.0 = Release|Any CPU
	EndGlobalSection
	GlobalSection(SolutionProperties) = preSolution
		HideSolutionNode = FALSE
	EndGlobalSection
EndGlobal
